
Microsoft Visual Studio Solution File, Format Version 12.00
# Visual Studio Version 16
VisualStudioVersion = 16.0.32428.217
MinimumVisualStudioVersion = 10.0.40219.1
Project("{9A19103F-16F7-4668-BE54-9A1E7A4F7556}") = "ECSTemplate", "ECSTemplate.csproj", "{A8C8B3CE-0585-492A-854C-A34E154BC805}"
EndProject
Global
	GlobalSection(SolutionConfigurationPlatforms) = preSolution
		Debug|Any CPU = Debug|Any CPU
		Release|Any CPU = Release|Any CPU
	EndGlobalSection
	GlobalSection(ProjectConfigurationPlatforms) = postSolution
		{A8C8B3CE-0585-492A-854C-A34E154BC805}.Debug|Any CPU.ActiveCfg = Debug|Any CPU
		{A8C8B3CE-0585-492A-854C-A34E154BC805}.Debug|Any CPU.Build.0 = Debug|Any CPU
		{A8C8B3CE-0585-492A-854C-A34E154BC805}.Release|Any CPU.ActiveCfg = Release|Any CPU
		{A8C8B3CE-0585-492A-854C-A34E154BC805}.Release|Any CPU.Build.0 = Release|Any CPU
	EndGlobalSection
	GlobalSection(SolutionProperties) = preSolution
		HideSolutionNode = FALSE
	EndGlobalSection
	GlobalSection(ExtensibilityGlobals) = postSolution
		SolutionGuid = {895ED74A-E588-4F2D-BD6F-F03822B039FA}
	EndGlobalSection
EndGlobal
